<?xml version="1.0" encoding="utf-8"?>
<Project ToolsVersion="4.0" xmlns="http://schemas.microsoft.com/developer/msbuild/2003">
  <ItemGroup>
    <ClCompile Include="DirectX12\D3DApp.cpp">
      <Filter>DirectX12</Filter>
    </ClCompile>
    <ClCompile Include="Shaders\DDSTextureLoader.cpp">
      <Filter>Shaders</Filter>
    </ClCompile>
    <ClCompile Include="Engine\Engine.cpp">
      <Filter>Engine</Filter>
    </ClCompile>
    <ClCompile Include="Engine\GameObject.cpp">
      <Filter>Engine</Filter>
    </ClCompile>
    <ClCompile Include="Engine\GameObjectManager.cpp">
      <Filter>Engine</Filter>
    </ClCompile>
    <ClCompile Include="Engine\GameTimer.cpp">
      <Filter>Engine</Filter>
    </ClCompile>
    <ClCompile Include="Engine\Input.cpp">
      <Filter>Engine</Filter>
    </ClCompile>
    <ClCompile Include="Shaders\Shader.cpp">
      <Filter>Shaders</Filter>
    </ClCompile>
    <ClCompile Include="DirectX12\MeshGeometry.cpp">
      <Filter>DirectX12</Filter>
    </ClCompile>
    <ClCompile Include="Engine\Component\RenderComponent.cpp">
      <Filter>Engine\Component</Filter>
    </ClCompile>
    <ClCompile Include="Engine\ComponentManager\RenderManager.cpp">
      <Filter>Engine\ComponentManager</Filter>
    </ClCompile>
    <ClCompile Include="Shaders\TextureShader.cpp">
      <Filter>Shaders</Filter>
    </ClCompile>
    <ClCompile Include="Engine\Component\Transform.cpp">
      <Filter>Engine\Component</Filter>
    </ClCompile>
    <ClCompile Include="Window\Window.cpp">
      <Filter>Window</Filter>
    </ClCompile>
    <ClCompile Include="Engine\Component\Component.cpp" />
    <ClCompile Include="Engine\Component\PhysicsComponent.cpp">
      <Filter>Engine\Component</Filter>
    </ClCompile>
    <ClCompile Include="Engine\ComponentManager\Physics\PhysicsManager.cpp">
      <Filter>Engine\ComponentManager</Filter>
    </ClCompile>
    <ClCompile Include="EngineResources\BitMask.cpp">
      <Filter>EngineRessources</Filter>
    </ClCompile>
    <ClCompile Include="Engine\Component\Camera.cpp" />
    <ClCompile Include="Engine\Component\StateMachine\StateMachineComponent.cpp" />
    <ClCompile Include="Engine\ComponentManager\StateMachine\StateMachineManager.cpp" />
    <ClCompile Include="Engine\Component\StateMachine\BaseState.cpp" />
    <ClCompile Include="Shaders\LitTextureShader.cpp" />
    <ClCompile Include="Shaders\LitShader.cpp" />
    <ClCompile Include="Engine\Component\SkyBox.cpp" />
    <ClCompile Include="Shaders\SkyShader.cpp" />
    <ClCompile Include="DirectX12\Particle.cpp" />
    <ClCompile Include="DirectX12\ParticleEmitter.cpp" />
    <ClCompile Include="Engine\Component\UIElement.cpp" />
    <ClCompile Include="Shaders\UIShaders\UIElementShader.cpp" />
    <ClCompile Include="Shaders\UIShaders\StaticUIShader.cpp" />
  </ItemGroup>
  <ItemGroup>
    <ClInclude Include="Engine\Component\Camera.h">
      <Filter>Engine</Filter>
    </ClInclude>
    <ClInclude Include="Engine\Component\Component.h">
      <Filter>Engine\Component</Filter>
    </ClInclude>
    <ClInclude Include="Engine\ComponentManager\ComponentManager.h">
      <Filter>Engine\ComponentManager</Filter>
    </ClInclude>
    <ClInclude Include="DirectX12\D3DApp.h">
      <Filter>DirectX12</Filter>
    </ClInclude>
    <ClInclude Include="Shaders\DDSTextureLoader.h">
      <Filter>Shaders</Filter>
    </ClInclude>
    <ClInclude Include="Engine\Engine.h">
      <Filter>Engine</Filter>
    </ClInclude>
    <ClInclude Include="Engine\GameObject.h">
      <Filter>Engine</Filter>
    </ClInclude>
    <ClInclude Include="Engine\GameObjectManager.h">
      <Filter>Engine</Filter>
    </ClInclude>
    <ClInclude Include="Engine\GameTimer.h">
      <Filter>Engine</Filter>
    </ClInclude>
    <ClInclude Include="Engine\Input.h">
      <Filter>DirectX12</Filter>
    </ClInclude>
    <ClInclude Include="Shaders\Shader.h">
      <Filter>Shaders</Filter>
    </ClInclude>
    <ClInclude Include="DirectX12\MeshGeometry.h">
      <Filter>DirectX12</Filter>
    </ClInclude>
    <ClInclude Include="Engine\Component\RenderComponent.h">
      <Filter>Engine\Component</Filter>
    </ClInclude>
    <ClInclude Include="Engine\ComponentManager\RenderManager.h">
      <Filter>Engine\ComponentManager</Filter>
    </ClInclude>
    <ClInclude Include="Shaders\TextureShader.h">
      <Filter>Shaders</Filter>
    </ClInclude>
    <ClInclude Include="Engine\Component\Transform.h">
      <Filter>Engine\Component</Filter>
    </ClInclude>
    <ClInclude Include="Shaders\UploadBuffer.h">
      <Filter>Shaders</Filter>
    </ClInclude>
    <ClInclude Include="Window\Window.h">
      <Filter>Window</Filter>
    </ClInclude>
    <ClInclude Include="Engine\Component\PhysicsComponent.h">
      <Filter>Engine\Component</Filter>
    </ClInclude>
    <ClInclude Include="Engine\ComponentManager\Physics\PhysicsManager.h">
      <Filter>Engine\ComponentManager</Filter>
    </ClInclude>
    <ClInclude Include="EngineResources\BitMask.h">
      <Filter>EngineRessources</Filter>
    </ClInclude>
    <ClInclude Include="EngineResources\Color.h">
      <Filter>EngineRessources</Filter>
    </ClInclude>
    <ClInclude Include="EngineResources\framework.h">
      <Filter>EngineRessources</Filter>
    </ClInclude>
    <ClInclude Include="EngineResources\Resource.h">
      <Filter>EngineRessources</Filter>
    </ClInclude>
    <ClInclude Include="Engine\Component\StateMachine\StateMachineComponent.h" />
    <ClInclude Include="Engine\ComponentManager\StateMachine\StateMachineManager.h" />
    <ClInclude Include="Engine\Component\StateMachine\BaseState.h" />
    <ClInclude Include="Shaders\LitTextureShader.h" />
    <ClInclude Include="Shaders\LitShader.h" />
    <ClInclude Include="Engine\Component\SkyBox.h" />
    <ClInclude Include="Shaders\SkyShader.h" />
    <ClInclude Include="DirectX12\Particle.h" />
    <ClInclude Include="DirectX12\ParticleEmitter.h" />
    <ClInclude Include="Engine\Component\UIElement.h" />
    <ClInclude Include="Shaders\UIShaders\UIElementShader.h" />
    <ClInclude Include="Shaders\UIShaders\StaticUIShader.h" />
  </ItemGroup>
  <ItemGroup>
    <Image Include="EngineResources\Assets\CrunchyMachine.ico">
      <Filter>EngineRessources\assets</Filter>
    </Image>
    <Image Include="EngineResources\Assets\small.ico">
      <Filter>EngineRessources\assets</Filter>
    </Image>
  </ItemGroup>
  <ItemGroup>
    <Filter Include="Engine">
      <UniqueIdentifier>{7523a654-8a7b-4ee0-a4c9-4f905812f6e7}</UniqueIdentifier>
    </Filter>
    <Filter Include="Engine\Component">
      <UniqueIdentifier>{4871cf93-f409-4d5d-bf64-b134056b1962}</UniqueIdentifier>
    </Filter>
    <Filter Include="Engine\ComponentManager">
      <UniqueIdentifier>{835b34c8-7619-4302-bd96-4738a76a2aca}</UniqueIdentifier>
    </Filter>
    <Filter Include="Shaders">
      <UniqueIdentifier>{6d23d3d3-bd7d-4154-a54f-3612a57152cc}</UniqueIdentifier>
    </Filter>
    <Filter Include="DirectX12">
      <UniqueIdentifier>{bdccc177-20bd-471d-ae22-aa908822582d}</UniqueIdentifier>
    </Filter>
    <Filter Include="Window">
      <UniqueIdentifier>{834ca7bf-55f8-4971-82fd-5eab3f19d762}</UniqueIdentifier>
    </Filter>
    <Filter Include="EngineRessources">
      <UniqueIdentifier>{033d9cd7-c01b-4907-8234-07967b22c036}</UniqueIdentifier>
    </Filter>
    <Filter Include="EngineRessources\assets">
      <UniqueIdentifier>{f57f96f8-4aff-44fa-83ab-1c95aa57f9d1}</UniqueIdentifier>
    </Filter>
  </ItemGroup>
  <ItemGroup>
    <None Include="EngineResources\CrunchyMachine.aps">
      <Filter>EngineRessources</Filter>
    </None>
    <None Include="ClassDiagram.cd" />
  </ItemGroup>
  <ItemGroup>
    <ResourceCompile Include="EngineResources\CrunchyMachine.rc">
      <Filter>EngineRessources</Filter>
    </ResourceCompile>
  </ItemGroup>
</Project>