<?xml version="1.0" encoding="utf-8"?>
<Project ToolsVersion="4.0" xmlns="http://schemas.microsoft.com/developer/msbuild/2003">
  <ItemGroup>
    <Filter Include="Fichiers sources">
      <UniqueIdentifier>{4FC737F1-C7A5-4376-A066-2A32D752A2FF}</UniqueIdentifier>
      <Extensions>cpp;c;cc;cxx;c++;cppm;ixx;def;odl;idl;hpj;bat;asm;asmx</Extensions>
    </Filter>
    <Filter Include="Fichiers d%27en-tête">
      <UniqueIdentifier>{93995380-89BD-4b04-88EB-625FBE52EBFB}</UniqueIdentifier>
      <Extensions>h;hh;hpp;hxx;h++;hm;inl;inc;ipp;xsd</Extensions>
    </Filter>
    <Filter Include="Fichiers de ressources">
      <UniqueIdentifier>{67DA6AB6-F800-4c08-8B7A-83BB121AAD01}</UniqueIdentifier>
      <Extensions>rc;ico;cur;bmp;dlg;rc2;rct;bin;rgs;gif;jpg;jpeg;jpe;resx;tiff;tif;png;wav;mfcribbon-ms</Extensions>
    </Filter>
    <Filter Include="Fichiers d%27en-tête\Window">
      <UniqueIdentifier>{72f22788-5765-4e77-ad56-a3c667ba8eda}</UniqueIdentifier>
    </Filter>
    <Filter Include="Fichiers d%27en-tête\Resources">
      <UniqueIdentifier>{b2c56f08-899e-4a4f-a53b-81b04350c78d}</UniqueIdentifier>
    </Filter>
    <Filter Include="Fichiers d%27en-tête\DirectX12">
      <UniqueIdentifier>{7300ec96-1d38-4edb-85e8-43d70f3d911d}</UniqueIdentifier>
    </Filter>
    <Filter Include="Fichiers sources\DirectX12">
      <UniqueIdentifier>{a982101f-a0a4-4380-ba6e-ceac91f9a12c}</UniqueIdentifier>
    </Filter>
    <Filter Include="Fichiers sources\Window">
      <UniqueIdentifier>{1dbb2378-62c6-423e-ae89-3994f57febea}</UniqueIdentifier>
    </Filter>
  </ItemGroup>
  <ItemGroup>
    <ClInclude Include="CrunchyMachine.h">
      <Filter>Fichiers d%27en-tête</Filter>
    </ClInclude>
    <ClInclude Include="Application.h">
      <Filter>Fichiers d%27en-tête</Filter>
    </ClInclude>
    <ClInclude Include="Window\Window.h">
      <Filter>Fichiers d%27en-tête\Window</Filter>
    </ClInclude>
    <ClInclude Include="Resources\Resource.h">
      <Filter>Fichiers d%27en-tête\Resources</Filter>
    </ClInclude>
    <ClInclude Include="Resources\targetver.h">
      <Filter>Fichiers d%27en-tête\Resources</Filter>
    </ClInclude>
    <ClInclude Include="Resources\framework.h">
      <Filter>Fichiers d%27en-tête\Resources</Filter>
    </ClInclude>
    <ClInclude Include="DirectX12\D3DApp.h">
      <Filter>Fichiers d%27en-tête\DirectX12</Filter>
    </ClInclude>
    <ClInclude Include="DirectX12\UploadBuffer.h">
      <Filter>Fichiers d%27en-tête\DirectX12</Filter>
    </ClInclude>
    <ClInclude Include="GameTimer.h">
      <Filter>Fichiers d%27en-tête</Filter>
    </ClInclude>
    <ClInclude Include="Resources\Color.h">
      <Filter>Fichiers d%27en-tête</Filter>
    </ClInclude>
    <ClInclude Include="Input.h">
      <Filter>Fichiers d%27en-tête</Filter>
    </ClInclude>
  </ItemGroup>
  <ItemGroup>
    <ClCompile Include="CrunchyMachine.cpp">
      <Filter>Fichiers sources</Filter>
    </ClCompile>
    <ClCompile Include="Application.cpp">
      <Filter>Fichiers sources</Filter>
    </ClCompile>
    <ClCompile Include="DirectX12\D3DApp.cpp">
      <Filter>Fichiers sources\DirectX12</Filter>
    </ClCompile>
    <ClCompile Include="DirectX12\UploadBuffer.cpp">
      <Filter>Fichiers sources\DirectX12</Filter>
    </ClCompile>
    <ClCompile Include="GameTimer.cpp">
      <Filter>Fichiers sources</Filter>
    </ClCompile>
    <ClCompile Include="Window\Window.cpp">
      <Filter>Fichiers sources\Window</Filter>
    </ClCompile>
    <ClCompile Include="Input.cpp">
      <Filter>Fichiers sources</Filter>
    </ClCompile>
  </ItemGroup>
  <ItemGroup>
    <ResourceCompile Include="Resources\CrunchyMachine.rc">
      <Filter>Fichiers de ressources</Filter>
    </ResourceCompile>
  </ItemGroup>
  <ItemGroup>
    <Image Include="Resources\Assets\small.ico">
      <Filter>Fichiers de ressources</Filter>
    </Image>
    <Image Include="Resources\Assets\CrunchyMachine.ico">
      <Filter>Fichiers de ressources</Filter>
    </Image>
  </ItemGroup>
</Project>