<?xml version="1.0" encoding="utf-8"?>
<Project ToolsVersion="4.0" xmlns="http://schemas.microsoft.com/developer/msbuild/2003">
  <ItemGroup>
    <ClCompile Include="Application.cpp" />
    <ClCompile Include="GameObjects\AsteroCreator.cpp" />
    <ClCompile Include="GameObjects\Astero.cpp" />
    <ClCompile Include="AsteroCrunch.cpp" />
    <ClCompile Include="GameObjects\Box.cpp" />
    <ClCompile Include="GameObjects\SpaceShip\SpaceShip.cpp" />
    <ClCompile Include="GameObjects\Rocket.cpp" />
    <ClCompile Include="GameObjects\SpaceShip\SpaceShipPart.cpp" />
    <ClCompile Include="GameObjects\AsteroCreator.cpp" />
    <ClCompile Include="GameObjects\SpaceShip\SpaceShip.cpp" />
    <ClCompile Include="GameObjects\SpaceShip\SpaceShipPart.cpp" />
    <ClCompile Include="Entity.cpp" />
    <ClCompile Include="GameObjects\Score.cpp" />
    <ClCompile Include="GameObjects\Border.cpp" />
    <ClCompile Include="GameObjects\Enemy.cpp" />
    <ClCompile Include="States\EnemiesStates.cpp" />
  </ItemGroup>
  <ItemGroup>
    <ClInclude Include="Application.h" />
    <ClInclude Include="GameObjects\AsteroCreator.h" />
    <ClInclude Include="GameObjects\Astero.h" />
    <ClInclude Include="GameObjects\Box.h" />
    <ClInclude Include="GameObjects\SpaceShip\SpaceShipPart.h" />
    <ClInclude Include="Resources\framework.h" />
    <ClInclude Include="Resources\Resource.h" />
    <ClInclude Include="Resources\targetver.h" />
    <ClInclude Include="GameObjects\SpaceShip\SpaceShip.h" />
    <ClInclude Include="Resources\framework.h" />
    <ClInclude Include="Entity.h" />
    <ClInclude Include="GameObjects\Rocket.h" />
    <ClInclude Include="GameObjects\Score.h" />
    <ClInclude Include="GameObjects\Border.h" />
    <ClInclude Include="GameObjects\Enemy.h" />
    <ClInclude Include="States\EnemiesStates.h" />
  </ItemGroup>
  <ItemGroup>
    <ResourceCompile Include="Resources\AsteroCrunch.rc" />
  </ItemGroup>
  <ItemGroup>
    <Image Include="Resources\AsteroCrunch.ico" />
    <Image Include="Resources\small.ico" />
  </ItemGroup>
</Project>