<?xml version="1.0" encoding="utf-8"?>
<Project ToolsVersion="4.0" xmlns="http://schemas.microsoft.com/developer/msbuild/2003">
  <ItemGroup>
    <ClCompile Include="Application.cpp" />
    <ClCompile Include="GameObjects\Astero.cpp" />
    <ClCompile Include="AsteroCrunch.cpp" />
    <ClCompile Include="GameObjects\Box.cpp" />
    <ClCompile Include="GameObjects\SpaceShip.cpp" />
    <ClCompile Include="GameObjects\Rocket.cpp" />
    <ClCompile Include="States\DefaultState.cpp" />
    <ClCompile Include="States\DefaultState.h" />
    <ClCompile Include="GameObjects\AsteroCreator.cpp" />
  </ItemGroup>
  <ItemGroup>
    <ClInclude Include="Application.h" />
    <ClInclude Include="GameObjects\Astero.h" />
    <ClInclude Include="GameObjects\Box.h" />
    <ClInclude Include="Resources\Resource.h" />
    <ClInclude Include="Resources\targetver.h" />
    <ClInclude Include="GameObjects\SpaceShip.h" />
    <ClInclude Include="GameObjects\Rocket.h" />
    <ClInclude Include="GameObjects\AsteroCreator.h" />
  </ItemGroup>
  <ItemGroup>
    <ResourceCompile Include="Resources\AsteroCrunch.rc" />
  </ItemGroup>
  <ItemGroup>
    <Image Include="Resources\AsteroCrunch.ico" />
    <Image Include="Resources\small.ico" />
  </ItemGroup>
</Project>